
Microsoft Visual Studio Solution File, Format Version 12.00
Project("{FAE04EC0-301F-11D3-BF4B-00C04F79EFBC}") = "FitNote.Application", "FitNote.Application\FitNote.Application.csproj", "{8D95661D-4DC2-48EF-A5F7-7FD6C1ADB2C5}"
EndProject
Project("{FAE04EC0-301F-11D3-BF4B-00C04F79EFBC}") = "FitNote.Infrastructure", "FitNote.Infrastructure\FitNote.Infrastructure.csproj", "{C9FA853F-D3D3-4389-8C32-8B7EA42E889E}"
EndProject
Project("{FAE04EC0-301F-11D3-BF4B-00C04F79EFBC}") = "FitNote.Core", "FitNote.Core\FitNote.Core.csproj", "{D974AE22-CBB7-4D82-88A4-91501243CEFD}"
EndProject
Project("{FAE04EC0-301F-11D3-BF4B-00C04F79EFBC}") = "FitNote.API", "FitNote.API\FitNote.API.csproj", "{033A15EC-C11B-425C-BBB3-00D4A32BE830}"
EndProject
Global
	GlobalSection(SolutionConfigurationPlatforms) = preSolution
		Debug|Any CPU = Debug|Any CPU
		Release|Any CPU = Release|Any CPU
	EndGlobalSection
	GlobalSection(ProjectConfigurationPlatforms) = postSolution
		{8D95661D-4DC2-48EF-A5F7-7FD6C1ADB2C5}.Debug|Any CPU.ActiveCfg = Debug|Any CPU
		{8D95661D-4DC2-48EF-A5F7-7FD6C1ADB2C5}.Debug|Any CPU.Build.0 = Debug|Any CPU
		{8D95661D-4DC2-48EF-A5F7-7FD6C1ADB2C5}.Release|Any CPU.ActiveCfg = Release|Any CPU
		{8D95661D-4DC2-48EF-A5F7-7FD6C1ADB2C5}.Release|Any CPU.Build.0 = Release|Any CPU
		{C9FA853F-D3D3-4389-8C32-8B7EA42E889E}.Debug|Any CPU.ActiveCfg = Debug|Any CPU
		{C9FA853F-D3D3-4389-8C32-8B7EA42E889E}.Debug|Any CPU.Build.0 = Debug|Any CPU
		{C9FA853F-D3D3-4389-8C32-8B7EA42E889E}.Release|Any CPU.ActiveCfg = Release|Any CPU
		{C9FA853F-D3D3-4389-8C32-8B7EA42E889E}.Release|Any CPU.Build.0 = Release|Any CPU
		{D974AE22-CBB7-4D82-88A4-91501243CEFD}.Debug|Any CPU.ActiveCfg = Debug|Any CPU
		{D974AE22-CBB7-4D82-88A4-91501243CEFD}.Debug|Any CPU.Build.0 = Debug|Any CPU
		{D974AE22-CBB7-4D82-88A4-91501243CEFD}.Release|Any CPU.ActiveCfg = Release|Any CPU
		{D974AE22-CBB7-4D82-88A4-91501243CEFD}.Release|Any CPU.Build.0 = Release|Any CPU
		{033A15EC-C11B-425C-BBB3-00D4A32BE830}.Debug|Any CPU.ActiveCfg = Debug|Any CPU
		{033A15EC-C11B-425C-BBB3-00D4A32BE830}.Debug|Any CPU.Build.0 = Debug|Any CPU
		{033A15EC-C11B-425C-BBB3-00D4A32BE830}.Release|Any CPU.ActiveCfg = Release|Any CPU
		{033A15EC-C11B-425C-BBB3-00D4A32BE830}.Release|Any CPU.Build.0 = Release|Any CPU
	EndGlobalSection
EndGlobal
